
Microsoft Visual Studio Solution File, Format Version 12.00
# Visual Studio Version 16
VisualStudioVersion = 16.0.31624.102
MinimumVisualStudioVersion = 10.0.40219.1
Project("{9A19103F-16F7-4668-BE54-9A1E7A4F7556}") = "FluentApiTabloOlusturma", "FluentApiTabloOlusturma\FluentApiTabloOlusturma.csproj", "{36E20698-A7D3-4626-A166-DD50C570DD12}"
EndProject
Project("{9A19103F-16F7-4668-BE54-9A1E7A4F7556}") = "FluentApiTabloOlusturmaML.Model", "FluentApiTabloOlusturmaML.Model\FluentApiTabloOlusturmaML.Model.csproj", "{ED61DCD9-181F-43A3-91BF-308701FB9782}"
EndProject
Project("{9A19103F-16F7-4668-BE54-9A1E7A4F7556}") = "FluentApiTabloOlusturmaML.ConsoleApp", "FluentApiTabloOlusturmaML.ConsoleApp\FluentApiTabloOlusturmaML.ConsoleApp.csproj", "{EFD0E24E-2EB8-4A52-808F-7946A33CEA9F}"
EndProject
Global
	GlobalSection(SolutionConfigurationPlatforms) = preSolution
		Debug|Any CPU = Debug|Any CPU
		Release|Any CPU = Release|Any CPU
	EndGlobalSection
	GlobalSection(ProjectConfigurationPlatforms) = postSolution
		{36E20698-A7D3-4626-A166-DD50C570DD12}.Debug|Any CPU.ActiveCfg = Debug|Any CPU
		{36E20698-A7D3-4626-A166-DD50C570DD12}.Debug|Any CPU.Build.0 = Debug|Any CPU
		{36E20698-A7D3-4626-A166-DD50C570DD12}.Release|Any CPU.ActiveCfg = Release|Any CPU
		{36E20698-A7D3-4626-A166-DD50C570DD12}.Release|Any CPU.Build.0 = Release|Any CPU
		{ED61DCD9-181F-43A3-91BF-308701FB9782}.Debug|Any CPU.ActiveCfg = Debug|Any CPU
		{ED61DCD9-181F-43A3-91BF-308701FB9782}.Debug|Any CPU.Build.0 = Debug|Any CPU
		{ED61DCD9-181F-43A3-91BF-308701FB9782}.Release|Any CPU.ActiveCfg = Release|Any CPU
		{ED61DCD9-181F-43A3-91BF-308701FB9782}.Release|Any CPU.Build.0 = Release|Any CPU
		{EFD0E24E-2EB8-4A52-808F-7946A33CEA9F}.Debug|Any CPU.ActiveCfg = Debug|Any CPU
		{EFD0E24E-2EB8-4A52-808F-7946A33CEA9F}.Debug|Any CPU.Build.0 = Debug|Any CPU
		{EFD0E24E-2EB8-4A52-808F-7946A33CEA9F}.Release|Any CPU.ActiveCfg = Release|Any CPU
		{EFD0E24E-2EB8-4A52-808F-7946A33CEA9F}.Release|Any CPU.Build.0 = Release|Any CPU
	EndGlobalSection
	GlobalSection(SolutionProperties) = preSolution
		HideSolutionNode = FALSE
	EndGlobalSection
	GlobalSection(ExtensibilityGlobals) = postSolution
		SolutionGuid = {0CC7B231-206A-498D-9422-56B5081FFE64}
	EndGlobalSection
EndGlobal
